
Microsoft Visual Studio Solution File, Format Version 12.00
# Visual Studio Express 2012 for Web
Project("{FAE04EC0-301F-11D3-BF4B-00C04F79EFBC}") = "MyUmbraco", "MyUmbraco\MyUmbraco.csproj", "{9E037080-E2C8-4D86-91DB-5AE401957228}"
EndProject
Project("{FAE04EC0-301F-11D3-BF4B-00C04F79EFBC}") = "MyUmbraco.Tests", "MyUmbraco.Tests\MyUmbraco.Tests.csproj", "{854F1169-5BA0-4231-92A6-E7BBD78BE7D4}"
EndProject
Global
	GlobalSection(SolutionConfigurationPlatforms) = preSolution
		Debug|Any CPU = Debug|Any CPU
		Release|Any CPU = Release|Any CPU
	EndGlobalSection
	GlobalSection(ProjectConfigurationPlatforms) = postSolution
		{9E037080-E2C8-4D86-91DB-5AE401957228}.Debug|Any CPU.ActiveCfg = Debug|Any CPU
		{9E037080-E2C8-4D86-91DB-5AE401957228}.Debug|Any CPU.Build.0 = Debug|Any CPU
		{9E037080-E2C8-4D86-91DB-5AE401957228}.Release|Any CPU.ActiveCfg = Release|Any CPU
		{9E037080-E2C8-4D86-91DB-5AE401957228}.Release|Any CPU.Build.0 = Release|Any CPU
		{854F1169-5BA0-4231-92A6-E7BBD78BE7D4}.Debug|Any CPU.ActiveCfg = Debug|Any CPU
		{854F1169-5BA0-4231-92A6-E7BBD78BE7D4}.Debug|Any CPU.Build.0 = Debug|Any CPU
		{854F1169-5BA0-4231-92A6-E7BBD78BE7D4}.Release|Any CPU.ActiveCfg = Release|Any CPU
		{854F1169-5BA0-4231-92A6-E7BBD78BE7D4}.Release|Any CPU.Build.0 = Release|Any CPU
	EndGlobalSection
	GlobalSection(SolutionProperties) = preSolution
		HideSolutionNode = FALSE
	EndGlobalSection
EndGlobal
